// !$*UTF8*$!
{
	archiveVersion = 1;
	classes = {
	};
	objectVersion = 50;
	objects = {

/* Begin PBXAggregateTarget section */
		969848D322E1A514006AEA11 /* pickup */ = {
			isa = PBXAggregateTarget;
			buildConfigurationList = 969848D422E1A514006AEA11 /* Build configuration list for PBXAggregateTarget "pickup" */;
			buildPhases = (
				969848D722E1A522006AEA11 /* Run Script */,
			);
			dependencies = (
			);
			name = pickup;
			productName = pickup;
		};
/* End PBXAggregateTarget section */

/* Begin PBXBuildFile section */
		96019F1924591E50004A531F /* EPYMerchantCardViewController.m in Sources */ = {isa = PBXBuildFile; fileRef = 96019F1824591E4F004A531F /* EPYMerchantCardViewController.m */; };
		96019F1E24591F0E004A531F /* EPYHomeReusableView.m in Sources */ = {isa = PBXBuildFile; fileRef = 96019F1C24591F0D004A531F /* EPYHomeReusableView.m */; };
		96019F2124591F17004A531F /* EPYCollectionLayout.m in Sources */ = {isa = PBXBuildFile; fileRef = 96019F1F24591F17004A531F /* EPYCollectionLayout.m */; };
		9642EF1D23C8256100F3D1C8 /* UILongPressLabel.m in Sources */ = {isa = PBXBuildFile; fileRef = 9642EF1B23C8256100F3D1C8 /* UILongPressLabel.m */; };
		9642EF1E23C8257700F3D1C8 /* UILongPressLabel.h in CopyFiles */ = {isa = PBXBuildFile; fileRef = 9642EF1C23C8256100F3D1C8 /* UILongPressLabel.h */; };
		9642EF3C23CDA26000F3D1C8 /* NSObject+KVO.m in Sources */ = {isa = PBXBuildFile; fileRef = 9642EF3A23CDA26000F3D1C8 /* NSObject+KVO.m */; };
		966A763122E5A2CE00B9F6D5 /* ZJPickerView.m in Sources */ = {isa = PBXBuildFile; fileRef = 966A762F22E5A2CE00B9F6D5 /* ZJPickerView.m */; };
		96827DC522F1636800937C91 /* NSObject+MJCoding.m in Sources */ = {isa = PBXBuildFile; fileRef = 96827DC422F1636800937C91 /* NSObject+MJCoding.m */; };
		9694392222E69CC800A3D566 /* ZJPickerView.h in CopyFiles */ = {isa = PBXBuildFile; fileRef = 966A763022E5A2CE00B9F6D5 /* ZJPickerView.h */; };
		9698487422E156A9006AEA11 /* toolsLib.m in Sources */ = {isa = PBXBuildFile; fileRef = 9698487322E156A9006AEA11 /* toolsLib.m */; };
		9698487522E156A9006AEA11 /* toolsLib.h in CopyFiles */ = {isa = PBXBuildFile; fileRef = 9698487222E156A9006AEA11 /* toolsLib.h */; };
		9698487D22E15F02006AEA11 /* WeakProxy.m in Sources */ = {isa = PBXBuildFile; fileRef = 9698487C22E15F02006AEA11 /* WeakProxy.m */; };
		9698488122E160C2006AEA11 /* WaveView.m in Sources */ = {isa = PBXBuildFile; fileRef = 9698488022E160C2006AEA11 /* WaveView.m */; };
		9698488222E162AB006AEA11 /* WaveView.h in CopyFiles */ = {isa = PBXBuildFile; fileRef = 9698487F22E160C2006AEA11 /* WaveView.h */; };
		969848DB22E1B208006AEA11 /* RMGroupShadowTableView.m in Sources */ = {isa = PBXBuildFile; fileRef = 969848DA22E1B208006AEA11 /* RMGroupShadowTableView.m */; };
		969848E022E1B396006AEA11 /* ShadowTableViewUI.m in Sources */ = {isa = PBXBuildFile; fileRef = 969848DF22E1B396006AEA11 /* ShadowTableViewUI.m */; };
		969848E122E1B42C006AEA11 /* ShadowTableViewUI.h in CopyFiles */ = {isa = PBXBuildFile; fileRef = 969848DE22E1B396006AEA11 /* ShadowTableViewUI.h */; };
		969848E722E1B572006AEA11 /* RMGroupShadowTableView.h in CopyFiles */ = {isa = PBXBuildFile; fileRef = 969848D922E1B208006AEA11 /* RMGroupShadowTableView.h */; };
		96B0C9052383E01100797FAD /* PGIndexBannerSubiew.m in Sources */ = {isa = PBXBuildFile; fileRef = 96B0C9012383E01000797FAD /* PGIndexBannerSubiew.m */; };
		96B0C9062383E01100797FAD /* NewPagedFlowView.m in Sources */ = {isa = PBXBuildFile; fileRef = 96B0C9022383E01000797FAD /* NewPagedFlowView.m */; };
		96B0C9072383E05100797FAD /* PGIndexBannerSubiew.h in CopyFiles */ = {isa = PBXBuildFile; fileRef = 96B0C9032383E01000797FAD /* PGIndexBannerSubiew.h */; };
		96B0C9082383E05500797FAD /* NewPagedFlowView.h in CopyFiles */ = {isa = PBXBuildFile; fileRef = 96B0C9042383E01100797FAD /* NewPagedFlowView.h */; };
		96B0C9092383E25300797FAD /* LQFRadioButton.h in CopyFiles */ = {isa = PBXBuildFile; fileRef = 96C1E22A231F5C4C00F94784 /* LQFRadioButton.h */; };
		96C1E22C231F5C4C00F94784 /* LQFRadioButton.m in Sources */ = {isa = PBXBuildFile; fileRef = 96C1E22B231F5C4C00F94784 /* LQFRadioButton.m */; };
/* End PBXBuildFile section */

/* Begin PBXCopyFilesBuildPhase section */
		9698486D22E156A9006AEA11 /* CopyFiles */ = {
			isa = PBXCopyFilesBuildPhase;
			buildActionMask = 2147483647;
			dstPath = "include/$(PRODUCT_NAME)";
			dstSubfolderSpec = 16;
			files = (
				9642EF1E23C8257700F3D1C8 /* UILongPressLabel.h in CopyFiles */,
				96B0C9092383E25300797FAD /* LQFRadioButton.h in CopyFiles */,
				96B0C9082383E05500797FAD /* NewPagedFlowView.h in CopyFiles */,
				96B0C9072383E05100797FAD /* PGIndexBannerSubiew.h in CopyFiles */,
				9694392222E69CC800A3D566 /* ZJPickerView.h in CopyFiles */,
				969848E722E1B572006AEA11 /* RMGroupShadowTableView.h in CopyFiles */,
				969848E122E1B42C006AEA11 /* ShadowTableViewUI.h in CopyFiles */,
				9698488222E162AB006AEA11 /* WaveView.h in CopyFiles */,
				9698487522E156A9006AEA11 /* toolsLib.h in CopyFiles */,
			);
			runOnlyForDeploymentPostprocessing = 0;
		};
/* End PBXCopyFilesBuildPhase section */

/* Begin PBXFileReference section */
		96019F1724591E4F004A531F /* EPYMerchantCardViewController.h */ = {isa = PBXFileReference; fileEncoding = 4; lastKnownFileType = sourcecode.c.h; path = EPYMerchantCardViewController.h; sourceTree = "<group>"; };
		96019F1824591E4F004A531F /* EPYMerchantCardViewController.m */ = {isa = PBXFileReference; fileEncoding = 4; lastKnownFileType = sourcecode.c.objc; path = EPYMerchantCardViewController.m; sourceTree = "<group>"; };
		96019F1B24591F0D004A531F /* EPYHomeReusableView.h */ = {isa = PBXFileReference; fileEncoding = 4; lastKnownFileType = sourcecode.c.h; path = EPYHomeReusableView.h; sourceTree = "<group>"; };
		96019F1C24591F0D004A531F /* EPYHomeReusableView.m */ = {isa = PBXFileReference; fileEncoding = 4; lastKnownFileType = sourcecode.c.objc; path = EPYHomeReusableView.m; sourceTree = "<group>"; };
		96019F1D24591F0E004A531F /* EPYHomeReusableView.xib */ = {isa = PBXFileReference; fileEncoding = 4; lastKnownFileType = file.xib; path = EPYHomeReusableView.xib; sourceTree = "<group>"; };
		96019F1F24591F17004A531F /* EPYCollectionLayout.m */ = {isa = PBXFileReference; fileEncoding = 4; lastKnownFileType = sourcecode.c.objc; path = EPYCollectionLayout.m; sourceTree = "<group>"; };
		96019F2024591F17004A531F /* EPYCollectionLayout.h */ = {isa = PBXFileReference; fileEncoding = 4; lastKnownFileType = sourcecode.c.h; path = EPYCollectionLayout.h; sourceTree = "<group>"; };
		9642EF1B23C8256100F3D1C8 /* UILongPressLabel.m */ = {isa = PBXFileReference; fileEncoding = 4; lastKnownFileType = sourcecode.c.objc; path = UILongPressLabel.m; sourceTree = "<group>"; };
		9642EF1C23C8256100F3D1C8 /* UILongPressLabel.h */ = {isa = PBXFileReference; fileEncoding = 4; lastKnownFileType = sourcecode.c.h; path = UILongPressLabel.h; sourceTree = "<group>"; };
		9642EF3A23CDA26000F3D1C8 /* NSObject+KVO.m */ = {isa = PBXFileReference; fileEncoding = 4; lastKnownFileType = sourcecode.c.objc; path = "NSObject+KVO.m"; sourceTree = "<group>"; };
		9642EF3B23CDA26000F3D1C8 /* NSObject+KVO.h */ = {isa = PBXFileReference; fileEncoding = 4; lastKnownFileType = sourcecode.c.h; path = "NSObject+KVO.h"; sourceTree = "<group>"; };
		966A762F22E5A2CE00B9F6D5 /* ZJPickerView.m */ = {isa = PBXFileReference; fileEncoding = 4; lastKnownFileType = sourcecode.c.objc; path = ZJPickerView.m; sourceTree = "<group>"; };
		966A763022E5A2CE00B9F6D5 /* ZJPickerView.h */ = {isa = PBXFileReference; fileEncoding = 4; lastKnownFileType = sourcecode.c.h; path = ZJPickerView.h; sourceTree = "<group>"; };
		96827DC322F1636800937C91 /* NSObject+MJCoding.h */ = {isa = PBXFileReference; fileEncoding = 4; lastKnownFileType = sourcecode.c.h; path = "NSObject+MJCoding.h"; sourceTree = "<group>"; };
		96827DC422F1636800937C91 /* NSObject+MJCoding.m */ = {isa = PBXFileReference; fileEncoding = 4; lastKnownFileType = sourcecode.c.objc; path = "NSObject+MJCoding.m"; sourceTree = "<group>"; };
		9698486F22E156A9006AEA11 /* libtoolsLib.a */ = {isa = PBXFileReference; explicitFileType = archive.ar; includeInIndex = 0; path = libtoolsLib.a; sourceTree = BUILT_PRODUCTS_DIR; };
		9698487222E156A9006AEA11 /* toolsLib.h */ = {isa = PBXFileReference; lastKnownFileType = sourcecode.c.h; path = toolsLib.h; sourceTree = "<group>"; };
		9698487322E156A9006AEA11 /* toolsLib.m */ = {isa = PBXFileReference; lastKnownFileType = sourcecode.c.objc; path = toolsLib.m; sourceTree = "<group>"; };
		9698487B22E15F02006AEA11 /* WeakProxy.h */ = {isa = PBXFileReference; lastKnownFileType = sourcecode.c.h; path = WeakProxy.h; sourceTree = "<group>"; };
		9698487C22E15F02006AEA11 /* WeakProxy.m */ = {isa = PBXFileReference; lastKnownFileType = sourcecode.c.objc; path = WeakProxy.m; sourceTree = "<group>"; };
		9698487F22E160C2006AEA11 /* WaveView.h */ = {isa = PBXFileReference; lastKnownFileType = sourcecode.c.h; path = WaveView.h; sourceTree = "<group>"; };
		9698488022E160C2006AEA11 /* WaveView.m */ = {isa = PBXFileReference; lastKnownFileType = sourcecode.c.objc; path = WaveView.m; sourceTree = "<group>"; };
		969848D922E1B208006AEA11 /* RMGroupShadowTableView.h */ = {isa = PBXFileReference; fileEncoding = 4; lastKnownFileType = sourcecode.c.h; path = RMGroupShadowTableView.h; sourceTree = "<group>"; };
		969848DA22E1B208006AEA11 /* RMGroupShadowTableView.m */ = {isa = PBXFileReference; fileEncoding = 4; lastKnownFileType = sourcecode.c.objc; path = RMGroupShadowTableView.m; sourceTree = "<group>"; };
		969848DE22E1B396006AEA11 /* ShadowTableViewUI.h */ = {isa = PBXFileReference; lastKnownFileType = sourcecode.c.h; path = ShadowTableViewUI.h; sourceTree = "<group>"; };
		969848DF22E1B396006AEA11 /* ShadowTableViewUI.m */ = {isa = PBXFileReference; lastKnownFileType = sourcecode.c.objc; path = ShadowTableViewUI.m; sourceTree = "<group>"; };
		96B0C9012383E01000797FAD /* PGIndexBannerSubiew.m */ = {isa = PBXFileReference; fileEncoding = 4; lastKnownFileType = sourcecode.c.objc; path = PGIndexBannerSubiew.m; sourceTree = "<group>"; };
		96B0C9022383E01000797FAD /* NewPagedFlowView.m */ = {isa = PBXFileReference; fileEncoding = 4; lastKnownFileType = sourcecode.c.objc; path = NewPagedFlowView.m; sourceTree = "<group>"; };
		96B0C9032383E01000797FAD /* PGIndexBannerSubiew.h */ = {isa = PBXFileReference; fileEncoding = 4; lastKnownFileType = sourcecode.c.h; path = PGIndexBannerSubiew.h; sourceTree = "<group>"; };
		96B0C9042383E01100797FAD /* NewPagedFlowView.h */ = {isa = PBXFileReference; fileEncoding = 4; lastKnownFileType = sourcecode.c.h; path = NewPagedFlowView.h; sourceTree = "<group>"; };
		96C1E22A231F5C4C00F94784 /* LQFRadioButton.h */ = {isa = PBXFileReference; fileEncoding = 4; lastKnownFileType = sourcecode.c.h; path = LQFRadioButton.h; sourceTree = "<group>"; };
		96C1E22B231F5C4C00F94784 /* LQFRadioButton.m */ = {isa = PBXFileReference; fileEncoding = 4; lastKnownFileType = sourcecode.c.objc; path = LQFRadioButton.m; sourceTree = "<group>"; };
/* End PBXFileReference section */

/* Begin PBXFrameworksBuildPhase section */
		9698486C22E156A9006AEA11 /* Frameworks */ = {
			isa = PBXFrameworksBuildPhase;
			buildActionMask = 2147483647;
			files = (
			);
			runOnlyForDeploymentPostprocessing = 0;
		};
/* End PBXFrameworksBuildPhase section */

/* Begin PBXGroup section */
		96019F1A24591EFE004A531F /* CollectView */ = {
			isa = PBXGroup;
			children = (
				96019F2024591F17004A531F /* EPYCollectionLayout.h */,
				96019F1F24591F17004A531F /* EPYCollectionLayout.m */,
				96019F1B24591F0D004A531F /* EPYHomeReusableView.h */,
				96019F1C24591F0D004A531F /* EPYHomeReusableView.m */,
				96019F1D24591F0E004A531F /* EPYHomeReusableView.xib */,
				96019F1724591E4F004A531F /* EPYMerchantCardViewController.h */,
				96019F1824591E4F004A531F /* EPYMerchantCardViewController.m */,
			);
			path = CollectView;
			sourceTree = "<group>";
		};
		9698486622E156A9006AEA11 = {
			isa = PBXGroup;
			children = (
				9698487122E156A9006AEA11 /* toolsLib */,
				9698487022E156A9006AEA11 /* Products */,
			);
			sourceTree = "<group>";
		};
		9698487022E156A9006AEA11 /* Products */ = {
			isa = PBXGroup;
			children = (
				9698486F22E156A9006AEA11 /* libtoolsLib.a */,
			);
			name = Products;
			sourceTree = "<group>";
		};
		9698487122E156A9006AEA11 /* toolsLib */ = {
			isa = PBXGroup;
			children = (
				96019F1A24591EFE004A531F /* CollectView */,
				96827DC322F1636800937C91 /* NSObject+MJCoding.h */,
				96827DC422F1636800937C91 /* NSObject+MJCoding.m */,
				969848DD22E1B366006AEA11 /* ViewModel */,
				9698487E22E1602F006AEA11 /* View */,
				9698487222E156A9006AEA11 /* toolsLib.h */,
				9698487322E156A9006AEA11 /* toolsLib.m */,
				9698487B22E15F02006AEA11 /* WeakProxy.h */,
				9698487C22E15F02006AEA11 /* WeakProxy.m */,
			);
			path = toolsLib;
			sourceTree = "<group>";
		};
		9698487E22E1602F006AEA11 /* View */ = {
			isa = PBXGroup;
			children = (
				9642EF3B23CDA26000F3D1C8 /* NSObject+KVO.h */,
				9642EF3A23CDA26000F3D1C8 /* NSObject+KVO.m */,
				96B0C9002383E00100797FAD /* 卡片轮播 */,
				966A763022E5A2CE00B9F6D5 /* ZJPickerView.h */,
				966A762F22E5A2CE00B9F6D5 /* ZJPickerView.m */,
				969848D922E1B208006AEA11 /* RMGroupShadowTableView.h */,
				969848DA22E1B208006AEA11 /* RMGroupShadowTableView.m */,
				9698487F22E160C2006AEA11 /* WaveView.h */,
				9698488022E160C2006AEA11 /* WaveView.m */,
				96C1E22A231F5C4C00F94784 /* LQFRadioButton.h */,
				96C1E22B231F5C4C00F94784 /* LQFRadioButton.m */,
				9642EF1C23C8256100F3D1C8 /* UILongPressLabel.h */,
				9642EF1B23C8256100F3D1C8 /* UILongPressLabel.m */,
			);
			path = View;
			sourceTree = "<group>";
		};
		969848DD22E1B366006AEA11 /* ViewModel */ = {
			isa = PBXGroup;
			children = (
				969848DE22E1B396006AEA11 /* ShadowTableViewUI.h */,
				969848DF22E1B396006AEA11 /* ShadowTableViewUI.m */,
			);
			path = ViewModel;
			sourceTree = "<group>";
		};
		96B0C9002383E00100797FAD /* 卡片轮播 */ = {
			isa = PBXGroup;
			children = (
				96B0C9042383E01100797FAD /* NewPagedFlowView.h */,
				96B0C9022383E01000797FAD /* NewPagedFlowView.m */,
				96B0C9032383E01000797FAD /* PGIndexBannerSubiew.h */,
				96B0C9012383E01000797FAD /* PGIndexBannerSubiew.m */,
			);
			path = "卡片轮播";
			sourceTree = "<group>";
		};
/* End PBXGroup section */

/* Begin PBXNativeTarget section */
		9698486E22E156A9006AEA11 /* toolsLib */ = {
			isa = PBXNativeTarget;
			buildConfigurationList = 9698487822E156A9006AEA11 /* Build configuration list for PBXNativeTarget "toolsLib" */;
			buildPhases = (
				9698486B22E156A9006AEA11 /* Sources */,
				9698486C22E156A9006AEA11 /* Frameworks */,
				9698486D22E156A9006AEA11 /* CopyFiles */,
			);
			buildRules = (
			);
			dependencies = (
			);
			name = toolsLib;
			productName = toolsLib;
			productReference = 9698486F22E156A9006AEA11 /* libtoolsLib.a */;
			productType = "com.apple.product-type.library.static";
		};
/* End PBXNativeTarget section */

/* Begin PBXProject section */
		9698486722E156A9006AEA11 /* Project object */ = {
			isa = PBXProject;
			attributes = {
				LastUpgradeCheck = 1020;
				ORGANIZATIONNAME = "刘起伏";
				TargetAttributes = {
					9698486E22E156A9006AEA11 = {
						CreatedOnToolsVersion = 10.2.1;
					};
					969848D322E1A514006AEA11 = {
						CreatedOnToolsVersion = 10.2.1;
					};
				};
			};
			buildConfigurationList = 9698486A22E156A9006AEA11 /* Build configuration list for PBXProject "toolsLib" */;
			compatibilityVersion = "Xcode 9.3";
			developmentRegion = en;
			hasScannedForEncodings = 0;
			knownRegions = (
				en,
			);
			mainGroup = 9698486622E156A9006AEA11;
			productRefGroup = 9698487022E156A9006AEA11 /* Products */;
			projectDirPath = "";
			projectRoot = "";
			targets = (
				9698486E22E156A9006AEA11 /* toolsLib */,
				969848D322E1A514006AEA11 /* pickup */,
			);
		};
/* End PBXProject section */

/* Begin PBXShellScriptBuildPhase section */
		969848D722E1A522006AEA11 /* Run Script */ = {
			isa = PBXShellScriptBuildPhase;
			buildActionMask = 2147483647;
			files = (
			);
			inputFileListPaths = (
			);
			inputPaths = (
			);
			name = "Run Script";
			outputFileListPaths = (
			);
			outputPaths = (
			);
			runOnlyForDeploymentPostprocessing = 0;
			shellPath = /bin/sh;
			shellScript = "# Sets the target folders and the final framework product.\nPRODUCT_NAME=\"libtoolsLib\"\nPROJECT_NAME=\"toolsLib\"\n\nOUTPUT_NAME=\"libTools\"\n# Install dir will be the final output to the framework.\n# The following line create it in the root folder of the current project.\nDEPLOY_DIR=${SRCROOT}/../../Tools\nDEPLOY_HEADER_DIR=${DEPLOY_DIR}/Header/\n\n# Working dir.\nDEVICE_NAME=${BUILD_DIR}/Release-iphoneos/${PRODUCT_NAME}.a\nSIMULATOR_NAME=${BUILD_DIR}/Release-iphonesimulator/${PRODUCT_NAME}.a\nHEADER_DIR=${BUILD_DIR}/Release-iphoneos/include/${PROJECT_NAME}\n\n# -configuration ${CONFIGURATION}\n# Clean and Building both architectures.\nxcodebuild -configuration \"Release\" ARCHS=\"armv7 arm64\" VALID_ARCHS=\"arm64 armv7 armv7s\" -target ${PROJECT_NAME} BUILD_DIR=${BUILD_DIR} -sdk iphoneos clean build\nxcodebuild -configuration \"Release\" ARCHS=\"x86_64\" VALID_ARCHS=\"x86_64\" -target ${PROJECT_NAME} BUILD_DIR=${BUILD_DIR} -sdk iphonesimulator clean build\nrm -rf ${DEPLOY_HEADER_DIR}/${PROJECT_NAME}\ncp -R ${HEADER_DIR} ${DEPLOY_HEADER_DIR}\n# Uses the Lipo Tool to merge both binary files (i386 + armv6/armv7) into one Universal final product.\nlipo -create \"${DEVICE_NAME}\" \"${SIMULATOR_NAME}\" -output \"${DEPLOY_DIR}/${OUTPUT_NAME}.a\"\n";
		};
/* End PBXShellScriptBuildPhase section */

/* Begin PBXSourcesBuildPhase section */
		9698486B22E156A9006AEA11 /* Sources */ = {
			isa = PBXSourcesBuildPhase;
			buildActionMask = 2147483647;
			files = (
				96827DC522F1636800937C91 /* NSObject+MJCoding.m in Sources */,
				96C1E22C231F5C4C00F94784 /* LQFRadioButton.m in Sources */,
				96019F2124591F17004A531F /* EPYCollectionLayout.m in Sources */,
				969848E022E1B396006AEA11 /* ShadowTableViewUI.m in Sources */,
				9642EF1D23C8256100F3D1C8 /* UILongPressLabel.m in Sources */,
				969848DB22E1B208006AEA11 /* RMGroupShadowTableView.m in Sources */,
				96019F1E24591F0E004A531F /* EPYHomeReusableView.m in Sources */,
				966A763122E5A2CE00B9F6D5 /* ZJPickerView.m in Sources */,
				96B0C9052383E01100797FAD /* PGIndexBannerSubiew.m in Sources */,
				9698487D22E15F02006AEA11 /* WeakProxy.m in Sources */,
				96019F1924591E50004A531F /* EPYMerchantCardViewController.m in Sources */,
				9642EF3C23CDA26000F3D1C8 /* NSObject+KVO.m in Sources */,
				96B0C9062383E01100797FAD /* NewPagedFlowView.m in Sources */,
				9698487422E156A9006AEA11 /* toolsLib.m in Sources */,
				9698488122E160C2006AEA11 /* WaveView.m in Sources */,
			);
			runOnlyForDeploymentPostprocessing = 0;
		};
/* End PBXSourcesBuildPhase section */

/* Begin XCBuildConfiguration section */
		9698487622E156A9006AEA11 /* Debug */ = {
			isa = XCBuildConfiguration;
			buildSettings = {
				ALWAYS_SEARCH_USER_PATHS = NO;
				CLANG_ANALYZER_NONNULL = YES;
				CLANG_ANALYZER_NUMBER_OBJECT_CONVERSION = YES_AGGRESSIVE;
				CLANG_CXX_LANGUAGE_STANDARD = "gnu++14";
				CLANG_CXX_LIBRARY = "libc++";
				CLANG_ENABLE_MODULES = YES;
				CLANG_ENABLE_OBJC_ARC = YES;
				CLANG_ENABLE_OBJC_WEAK = YES;
				CLANG_WARN_BLOCK_CAPTURE_AUTORELEASING = YES;
				CLANG_WARN_BOOL_CONVERSION = YES;
				CLANG_WARN_COMMA = YES;
				CLANG_WARN_CONSTANT_CONVERSION = YES;
				CLANG_WARN_DEPRECATED_OBJC_IMPLEMENTATIONS = YES;
				CLANG_WARN_DIRECT_OBJC_ISA_USAGE = YES_ERROR;
				CLANG_WARN_DOCUMENTATION_COMMENTS = YES;
				CLANG_WARN_EMPTY_BODY = YES;
				CLANG_WARN_ENUM_CONVERSION = YES;
				CLANG_WARN_INFINITE_RECURSION = YES;
				CLANG_WARN_INT_CONVERSION = YES;
				CLANG_WARN_NON_LITERAL_NULL_CONVERSION = YES;
				CLANG_WARN_OBJC_IMPLICIT_RETAIN_SELF = YES;
				CLANG_WARN_OBJC_LITERAL_CONVERSION = YES;
				CLANG_WARN_OBJC_ROOT_CLASS = YES_ERROR;
				CLANG_WARN_RANGE_LOOP_ANALYSIS = YES;
				CLANG_WARN_STRICT_PROTOTYPES = YES;
				CLANG_WARN_SUSPICIOUS_MOVE = YES;
				CLANG_WARN_UNGUARDED_AVAILABILITY = YES_AGGRESSIVE;
				CLANG_WARN_UNREACHABLE_CODE = YES;
				CLANG_WARN__DUPLICATE_METHOD_MATCH = YES;
				CODE_SIGN_IDENTITY = "iPhone Developer";
				COPY_PHASE_STRIP = NO;
				DEBUG_INFORMATION_FORMAT = dwarf;
				ENABLE_STRICT_OBJC_MSGSEND = YES;
				ENABLE_TESTABILITY = YES;
				GCC_C_LANGUAGE_STANDARD = gnu11;
				GCC_DYNAMIC_NO_PIC = NO;
				GCC_NO_COMMON_BLOCKS = YES;
				GCC_OPTIMIZATION_LEVEL = 0;
				GCC_PREPROCESSOR_DEFINITIONS = (
					"DEBUG=1",
					"$(inherited)",
				);
				GCC_WARN_64_TO_32_BIT_CONVERSION = YES;
				GCC_WARN_ABOUT_RETURN_TYPE = YES_ERROR;
				GCC_WARN_UNDECLARED_SELECTOR = YES;
				GCC_WARN_UNINITIALIZED_AUTOS = YES_AGGRESSIVE;
				GCC_WARN_UNUSED_FUNCTION = YES;
				GCC_WARN_UNUSED_VARIABLE = YES;
				IPHONEOS_DEPLOYMENT_TARGET = 8.0;
				MTL_ENABLE_DEBUG_INFO = INCLUDE_SOURCE;
				MTL_FAST_MATH = YES;
				ONLY_ACTIVE_ARCH = YES;
				SDKROOT = iphoneos;
			};
			name = Debug;
		};
		9698487722E156A9006AEA11 /* Release */ = {
			isa = XCBuildConfiguration;
			buildSettings = {
				ALWAYS_SEARCH_USER_PATHS = NO;
				CLANG_ANALYZER_NONNULL = YES;
				CLANG_ANALYZER_NUMBER_OBJECT_CONVERSION = YES_AGGRESSIVE;
				CLANG_CXX_LANGUAGE_STANDARD = "gnu++14";
				CLANG_CXX_LIBRARY = "libc++";
				CLANG_ENABLE_MODULES = YES;
				CLANG_ENABLE_OBJC_ARC = YES;
				CLANG_ENABLE_OBJC_WEAK = YES;
				CLANG_WARN_BLOCK_CAPTURE_AUTORELEASING = YES;
				CLANG_WARN_BOOL_CONVERSION = YES;
				CLANG_WARN_COMMA = YES;
				CLANG_WARN_CONSTANT_CONVERSION = YES;
				CLANG_WARN_DEPRECATED_OBJC_IMPLEMENTATIONS = YES;
				CLANG_WARN_DIRECT_OBJC_ISA_USAGE = YES_ERROR;
				CLANG_WARN_DOCUMENTATION_COMMENTS = YES;
				CLANG_WARN_EMPTY_BODY = YES;
				CLANG_WARN_ENUM_CONVERSION = YES;
				CLANG_WARN_INFINITE_RECURSION = YES;
				CLANG_WARN_INT_CONVERSION = YES;
				CLANG_WARN_NON_LITERAL_NULL_CONVERSION = YES;
				CLANG_WARN_OBJC_IMPLICIT_RETAIN_SELF = YES;
				CLANG_WARN_OBJC_LITERAL_CONVERSION = YES;
				CLANG_WARN_OBJC_ROOT_CLASS = YES_ERROR;
				CLANG_WARN_RANGE_LOOP_ANALYSIS = YES;
				CLANG_WARN_STRICT_PROTOTYPES = YES;
				CLANG_WARN_SUSPICIOUS_MOVE = YES;
				CLANG_WARN_UNGUARDED_AVAILABILITY = YES_AGGRESSIVE;
				CLANG_WARN_UNREACHABLE_CODE = YES;
				CLANG_WARN__DUPLICATE_METHOD_MATCH = YES;
				CODE_SIGN_IDENTITY = "iPhone Developer";
				COPY_PHASE_STRIP = NO;
				DEBUG_INFORMATION_FORMAT = "dwarf-with-dsym";
				ENABLE_NS_ASSERTIONS = NO;
				ENABLE_STRICT_OBJC_MSGSEND = YES;
				GCC_C_LANGUAGE_STANDARD = gnu11;
				GCC_NO_COMMON_BLOCKS = YES;
				GCC_WARN_64_TO_32_BIT_CONVERSION = YES;
				GCC_WARN_ABOUT_RETURN_TYPE = YES_ERROR;
				GCC_WARN_UNDECLARED_SELECTOR = YES;
				GCC_WARN_UNINITIALIZED_AUTOS = YES_AGGRESSIVE;
				GCC_WARN_UNUSED_FUNCTION = YES;
				GCC_WARN_UNUSED_VARIABLE = YES;
				IPHONEOS_DEPLOYMENT_TARGET = 8.0;
				MTL_ENABLE_DEBUG_INFO = NO;
				MTL_FAST_MATH = YES;
				SDKROOT = iphoneos;
				VALIDATE_PRODUCT = YES;
			};
			name = Release;
		};
		9698487922E156A9006AEA11 /* Debug */ = {
			isa = XCBuildConfiguration;
			buildSettings = {
				CODE_SIGN_STYLE = Automatic;
				OTHER_LDFLAGS = "-ObjC";
				PRODUCT_NAME = "$(TARGET_NAME)";
				SKIP_INSTALL = YES;
				TARGETED_DEVICE_FAMILY = "1,2";
			};
			name = Debug;
		};
		9698487A22E156A9006AEA11 /* Release */ = {
			isa = XCBuildConfiguration;
			buildSettings = {
				CODE_SIGN_STYLE = Automatic;
				OTHER_LDFLAGS = "-ObjC";
				PRODUCT_NAME = "$(TARGET_NAME)";
				SKIP_INSTALL = YES;
				TARGETED_DEVICE_FAMILY = "1,2";
			};
			name = Release;
		};
		969848D522E1A514006AEA11 /* Debug */ = {
			isa = XCBuildConfiguration;
			buildSettings = {
				CODE_SIGN_STYLE = Automatic;
				PRODUCT_NAME = "$(TARGET_NAME)";
			};
			name = Debug;
		};
		969848D622E1A514006AEA11 /* Release */ = {
			isa = XCBuildConfiguration;
			buildSettings = {
				CODE_SIGN_STYLE = Automatic;
				PRODUCT_NAME = "$(TARGET_NAME)";
			};
			name = Release;
		};
/* End XCBuildConfiguration section */

/* Begin XCConfigurationList section */
		9698486A22E156A9006AEA11 /* Build configuration list for PBXProject "toolsLib" */ = {
			isa = XCConfigurationList;
			buildConfigurations = (
				9698487622E156A9006AEA11 /* Debug */,
				9698487722E156A9006AEA11 /* Release */,
			);
			defaultConfigurationIsVisible = 0;
			defaultConfigurationName = Release;
		};
		9698487822E156A9006AEA11 /* Build configuration list for PBXNativeTarget "toolsLib" */ = {
			isa = XCConfigurationList;
			buildConfigurations = (
				9698487922E156A9006AEA11 /* Debug */,
				9698487A22E156A9006AEA11 /* Release */,
			);
			defaultConfigurationIsVisible = 0;
			defaultConfigurationName = Release;
		};
		969848D422E1A514006AEA11 /* Build configuration list for PBXAggregateTarget "pickup" */ = {
			isa = XCConfigurationList;
			buildConfigurations = (
				969848D522E1A514006AEA11 /* Debug */,
				969848D622E1A514006AEA11 /* Release */,
			);
			defaultConfigurationIsVisible = 0;
			defaultConfigurationName = Release;
		};
/* End XCConfigurationList section */
	};
	rootObject = 9698486722E156A9006AEA11 /* Project object */;
}
